// !$*UTF8*$!
{
	archiveVersion = 1;
	classes = {
	};
	objectVersion = 46;
	objects = {

/* Begin PBXBuildFile section */
		4BC63CFB19E0098D00BC31F0 /* ParsedTweet.swift in Sources */ = {isa = PBXBuildFile; fileRef = 4BC63CFA19E0098D00BC31F0 /* ParsedTweet.swift */; };
		4BC63CFD19E0124400BC31F0 /* ParsedTweetCell.swift in Sources */ = {isa = PBXBuildFile; fileRef = 4BC63CFC19E0124400BC31F0 /* ParsedTweetCell.swift */; };
		4BC63D0119E4415D00BC31F0 /* TwitterAPIRequest.swift in Sources */ = {isa = PBXBuildFile; fileRef = 4BC63D0019E4415D00BC31F0 /* TwitterAPIRequest.swift */; };
		4BC63D0319E441C400BC31F0 /* TwitterAPIRequestDelegate.swift in Sources */ = {isa = PBXBuildFile; fileRef = 4BC63D0219E441C400BC31F0 /* TwitterAPIRequestDelegate.swift */; };
		4BE23BD919D3096B00FE88C9 /* AppDelegate.swift in Sources */ = {isa = PBXBuildFile; fileRef = 4BE23BD819D3096B00FE88C9 /* AppDelegate.swift */; };
		4BE23BDB19D3096B00FE88C9 /* RootViewController.swift in Sources */ = {isa = PBXBuildFile; fileRef = 4BE23BDA19D3096B00FE88C9 /* RootViewController.swift */; };
		4BE23BDE19D3096B00FE88C9 /* Main.storyboard in Resources */ = {isa = PBXBuildFile; fileRef = 4BE23BDC19D3096B00FE88C9 /* Main.storyboard */; };
		4BE23BE019D3096B00FE88C9 /* Images.xcassets in Resources */ = {isa = PBXBuildFile; fileRef = 4BE23BDF19D3096B00FE88C9 /* Images.xcassets */; };
		4BE23BE319D3096B00FE88C9 /* LaunchScreen.xib in Resources */ = {isa = PBXBuildFile; fileRef = 4BE23BE119D3096B00FE88C9 /* LaunchScreen.xib */; };
		4BE23BEF19D3096B00FE88C9 /* PragmaticTweetsTests.swift in Sources */ = {isa = PBXBuildFile; fileRef = 4BE23BEE19D3096B00FE88C9 /* PragmaticTweetsTests.swift */; };
		4BE23BFC19D3259200FE88C9 /* Localizable.strings in Resources */ = {isa = PBXBuildFile; fileRef = 4BE23BFE19D3259200FE88C9 /* Localizable.strings */; };
		4BE23C0119D3480F00FE88C9 /* WebViewTests.swift in Sources */ = {isa = PBXBuildFile; fileRef = 4BE23C0019D3480F00FE88C9 /* WebViewTests.swift */; };
/* End PBXBuildFile section */

/* Begin PBXContainerItemProxy section */
		4BE23BE919D3096B00FE88C9 /* PBXContainerItemProxy */ = {
			isa = PBXContainerItemProxy;
			containerPortal = 4BE23BCB19D3096B00FE88C9 /* Project object */;
			proxyType = 1;
			remoteGlobalIDString = 4BE23BD219D3096B00FE88C9;
			remoteInfo = PragmaticTweets;
		};
/* End PBXContainerItemProxy section */

/* Begin PBXFileReference section */
		4BC63CFA19E0098D00BC31F0 /* ParsedTweet.swift */ = {isa = PBXFileReference; fileEncoding = 4; lastKnownFileType = sourcecode.swift; path = ParsedTweet.swift; sourceTree = "<group>"; };
		4BC63CFC19E0124400BC31F0 /* ParsedTweetCell.swift */ = {isa = PBXFileReference; fileEncoding = 4; lastKnownFileType = sourcecode.swift; path = ParsedTweetCell.swift; sourceTree = "<group>"; };
		4BC63D0019E4415D00BC31F0 /* TwitterAPIRequest.swift */ = {isa = PBXFileReference; fileEncoding = 4; lastKnownFileType = sourcecode.swift; path = TwitterAPIRequest.swift; sourceTree = "<group>"; };
		4BC63D0219E441C400BC31F0 /* TwitterAPIRequestDelegate.swift */ = {isa = PBXFileReference; fileEncoding = 4; lastKnownFileType = sourcecode.swift; path = TwitterAPIRequestDelegate.swift; sourceTree = "<group>"; };
		4BE23BD319D3096B00FE88C9 /* PragmaticTweets.app */ = {isa = PBXFileReference; explicitFileType = wrapper.application; includeInIndex = 0; path = PragmaticTweets.app; sourceTree = BUILT_PRODUCTS_DIR; };
		4BE23BD719D3096B00FE88C9 /* Info.plist */ = {isa = PBXFileReference; lastKnownFileType = text.plist.xml; path = Info.plist; sourceTree = "<group>"; };
		4BE23BD819D3096B00FE88C9 /* AppDelegate.swift */ = {isa = PBXFileReference; lastKnownFileType = sourcecode.swift; path = AppDelegate.swift; sourceTree = "<group>"; };
		4BE23BDA19D3096B00FE88C9 /* RootViewController.swift */ = {isa = PBXFileReference; lastKnownFileType = sourcecode.swift; path = RootViewController.swift; sourceTree = "<group>"; };
		4BE23BDD19D3096B00FE88C9 /* Base */ = {isa = PBXFileReference; lastKnownFileType = file.storyboard; name = Base; path = Base.lproj/Main.storyboard; sourceTree = "<group>"; };
		4BE23BDF19D3096B00FE88C9 /* Images.xcassets */ = {isa = PBXFileReference; lastKnownFileType = folder.assetcatalog; path = Images.xcassets; sourceTree = "<group>"; };
		4BE23BE219D3096B00FE88C9 /* Base */ = {isa = PBXFileReference; lastKnownFileType = file.xib; name = Base; path = Base.lproj/LaunchScreen.xib; sourceTree = "<group>"; };
		4BE23BE819D3096B00FE88C9 /* PragmaticTweetsTests.xctest */ = {isa = PBXFileReference; explicitFileType = wrapper.cfbundle; includeInIndex = 0; path = PragmaticTweetsTests.xctest; sourceTree = BUILT_PRODUCTS_DIR; };
		4BE23BED19D3096B00FE88C9 /* Info.plist */ = {isa = PBXFileReference; lastKnownFileType = text.plist.xml; path = Info.plist; sourceTree = "<group>"; };
		4BE23BEE19D3096B00FE88C9 /* PragmaticTweetsTests.swift */ = {isa = PBXFileReference; lastKnownFileType = sourcecode.swift; path = PragmaticTweetsTests.swift; sourceTree = "<group>"; };
		4BE23BF819D3234600FE88C9 /* fr */ = {isa = PBXFileReference; lastKnownFileType = text.plist.strings; name = fr; path = fr.lproj/Main.strings; sourceTree = "<group>"; };
		4BE23BF919D3234600FE88C9 /* fr */ = {isa = PBXFileReference; lastKnownFileType = text.plist.strings; name = fr; path = fr.lproj/LaunchScreen.strings; sourceTree = "<group>"; };
		4BE23BFD19D3259200FE88C9 /* Base */ = {isa = PBXFileReference; lastKnownFileType = text.plist.strings; name = Base; path = Base.lproj/Localizable.strings; sourceTree = "<group>"; };
		4BE23BFF19D3259800FE88C9 /* fr */ = {isa = PBXFileReference; lastKnownFileType = text.plist.strings; name = fr; path = fr.lproj/Localizable.strings; sourceTree = "<group>"; };
		4BE23C0019D3480F00FE88C9 /* WebViewTests.swift */ = {isa = PBXFileReference; fileEncoding = 4; lastKnownFileType = sourcecode.swift; path = WebViewTests.swift; sourceTree = "<group>"; };
/* End PBXFileReference section */

/* Begin PBXFrameworksBuildPhase section */
		4BE23BD019D3096B00FE88C9 /* Frameworks */ = {
			isa = PBXFrameworksBuildPhase;
			buildActionMask = 2147483647;
			files = (
			);
			runOnlyForDeploymentPostprocessing = 0;
		};
		4BE23BE519D3096B00FE88C9 /* Frameworks */ = {
			isa = PBXFrameworksBuildPhase;
			buildActionMask = 2147483647;
			files = (
			);
			runOnlyForDeploymentPostprocessing = 0;
		};
/* End PBXFrameworksBuildPhase section */

/* Begin PBXGroup section */
		4BC63CFE19E43FCF00BC31F0 /* Root View Controller */ = {
			isa = PBXGroup;
			children = (
				4BE23BDA19D3096B00FE88C9 /* RootViewController.swift */,
				4BC63CFC19E0124400BC31F0 /* ParsedTweetCell.swift */,
			);
			name = "Root View Controller";
			sourceTree = "<group>";
		};
		4BC63CFF19E4400D00BC31F0 /* Twitter */ = {
			isa = PBXGroup;
			children = (
				4BC63CFA19E0098D00BC31F0 /* ParsedTweet.swift */,
				4BC63D0019E4415D00BC31F0 /* TwitterAPIRequest.swift */,
				4BC63D0219E441C400BC31F0 /* TwitterAPIRequestDelegate.swift */,
			);
			name = Twitter;
			sourceTree = "<group>";
		};
		4BE23BCA19D3096B00FE88C9 = {
			isa = PBXGroup;
			children = (
				4BE23BD519D3096B00FE88C9 /* PragmaticTweets */,
				4BE23BEB19D3096B00FE88C9 /* PragmaticTweetsTests */,
				4BE23BD419D3096B00FE88C9 /* Products */,
			);
			sourceTree = "<group>";
		};
		4BE23BD419D3096B00FE88C9 /* Products */ = {
			isa = PBXGroup;
			children = (
				4BE23BD319D3096B00FE88C9 /* PragmaticTweets.app */,
				4BE23BE819D3096B00FE88C9 /* PragmaticTweetsTests.xctest */,
			);
			name = Products;
			sourceTree = "<group>";
		};
		4BE23BD519D3096B00FE88C9 /* PragmaticTweets */ = {
			isa = PBXGroup;
			children = (
				4BE23BD819D3096B00FE88C9 /* AppDelegate.swift */,
				4BC63CFE19E43FCF00BC31F0 /* Root View Controller */,
				4BC63CFF19E4400D00BC31F0 /* Twitter */,
				4BE23BDC19D3096B00FE88C9 /* Main.storyboard */,
				4BE23BDF19D3096B00FE88C9 /* Images.xcassets */,
				4BE23BD619D3096B00FE88C9 /* Supporting Files */,
			);
			path = PragmaticTweets;
			sourceTree = "<group>";
		};
		4BE23BD619D3096B00FE88C9 /* Supporting Files */ = {
			isa = PBXGroup;
			children = (
				4BE23BE119D3096B00FE88C9 /* LaunchScreen.xib */,
				4BE23BFE19D3259200FE88C9 /* Localizable.strings */,
				4BE23BD719D3096B00FE88C9 /* Info.plist */,
			);
			name = "Supporting Files";
			sourceTree = "<group>";
		};
		4BE23BEB19D3096B00FE88C9 /* PragmaticTweetsTests */ = {
			isa = PBXGroup;
			children = (
				4BE23C0019D3480F00FE88C9 /* WebViewTests.swift */,
				4BE23BEE19D3096B00FE88C9 /* PragmaticTweetsTests.swift */,
				4BE23BEC19D3096B00FE88C9 /* Supporting Files */,
			);
			path = PragmaticTweetsTests;
			sourceTree = "<group>";
		};
		4BE23BEC19D3096B00FE88C9 /* Supporting Files */ = {
			isa = PBXGroup;
			children = (
				4BE23BED19D3096B00FE88C9 /* Info.plist */,
			);
			name = "Supporting Files";
			sourceTree = "<group>";
		};
/* End PBXGroup section */

/* Begin PBXNativeTarget section */
		4BE23BD219D3096B00FE88C9 /* PragmaticTweets */ = {
			isa = PBXNativeTarget;
			buildConfigurationList = 4BE23BF219D3096B00FE88C9 /* Build configuration list for PBXNativeTarget "PragmaticTweets" */;
			buildPhases = (
				4BE23BCF19D3096B00FE88C9 /* Sources */,
				4BE23BD019D3096B00FE88C9 /* Frameworks */,
				4BE23BD119D3096B00FE88C9 /* Resources */,
			);
			buildRules = (
			);
			dependencies = (
			);
			name = PragmaticTweets;
			productName = PragmaticTweets;
			productReference = 4BE23BD319D3096B00FE88C9 /* PragmaticTweets.app */;
			productType = "com.apple.product-type.application";
		};
		4BE23BE719D3096B00FE88C9 /* PragmaticTweetsTests */ = {
			isa = PBXNativeTarget;
			buildConfigurationList = 4BE23BF519D3096B00FE88C9 /* Build configuration list for PBXNativeTarget "PragmaticTweetsTests" */;
			buildPhases = (
				4BE23BE419D3096B00FE88C9 /* Sources */,
				4BE23BE519D3096B00FE88C9 /* Frameworks */,
				4BE23BE619D3096B00FE88C9 /* Resources */,
			);
			buildRules = (
			);
			dependencies = (
				4BE23BEA19D3096B00FE88C9 /* PBXTargetDependency */,
			);
			name = PragmaticTweetsTests;
			productName = PragmaticTweetsTests;
			productReference = 4BE23BE819D3096B00FE88C9 /* PragmaticTweetsTests.xctest */;
			productType = "com.apple.product-type.bundle.unit-test";
		};
/* End PBXNativeTarget section */

/* Begin PBXProject section */
		4BE23BCB19D3096B00FE88C9 /* Project object */ = {
			isa = PBXProject;
			attributes = {
				LastUpgradeCheck = 0600;
				ORGANIZATIONNAME = "Graeme Mathieson";
				TargetAttributes = {
					4BE23BD219D3096B00FE88C9 = {
						CreatedOnToolsVersion = 6.1;
					};
					4BE23BE719D3096B00FE88C9 = {
						CreatedOnToolsVersion = 6.1;
						TestTargetID = 4BE23BD219D3096B00FE88C9;
					};
				};
			};
			buildConfigurationList = 4BE23BCE19D3096B00FE88C9 /* Build configuration list for PBXProject "PragmaticTweets" */;
			compatibilityVersion = "Xcode 3.2";
			developmentRegion = English;
			hasScannedForEncodings = 0;
			knownRegions = (
				en,
				Base,
				fr,
			);
			mainGroup = 4BE23BCA19D3096B00FE88C9;
			productRefGroup = 4BE23BD419D3096B00FE88C9 /* Products */;
			projectDirPath = "";
			projectRoot = "";
			targets = (
				4BE23BD219D3096B00FE88C9 /* PragmaticTweets */,
				4BE23BE719D3096B00FE88C9 /* PragmaticTweetsTests */,
			);
		};
/* End PBXProject section */

/* Begin PBXResourcesBuildPhase section */
		4BE23BD119D3096B00FE88C9 /* Resources */ = {
			isa = PBXResourcesBuildPhase;
			buildActionMask = 2147483647;
			files = (
				4BE23BDE19D3096B00FE88C9 /* Main.storyboard in Resources */,
				4BE23BFC19D3259200FE88C9 /* Localizable.strings in Resources */,
				4BE23BE319D3096B00FE88C9 /* LaunchScreen.xib in Resources */,
				4BE23BE019D3096B00FE88C9 /* Images.xcassets in Resources */,
			);
			runOnlyForDeploymentPostprocessing = 0;
		};
		4BE23BE619D3096B00FE88C9 /* Resources */ = {
			isa = PBXResourcesBuildPhase;
			buildActionMask = 2147483647;
			files = (
			);
			runOnlyForDeploymentPostprocessing = 0;
		};
/* End PBXResourcesBuildPhase section */

/* Begin PBXSourcesBuildPhase section */
		4BE23BCF19D3096B00FE88C9 /* Sources */ = {
			isa = PBXSourcesBuildPhase;
			buildActionMask = 2147483647;
			files = (
				4BC63CFD19E0124400BC31F0 /* ParsedTweetCell.swift in Sources */,
				4BC63D0319E441C400BC31F0 /* TwitterAPIRequestDelegate.swift in Sources */,
				4BC63CFB19E0098D00BC31F0 /* ParsedTweet.swift in Sources */,
				4BE23BDB19D3096B00FE88C9 /* RootViewController.swift in Sources */,
				4BC63D0119E4415D00BC31F0 /* TwitterAPIRequest.swift in Sources */,
				4BE23BD919D3096B00FE88C9 /* AppDelegate.swift in Sources */,
			);
			runOnlyForDeploymentPostprocessing = 0;
		};
		4BE23BE419D3096B00FE88C9 /* Sources */ = {
			isa = PBXSourcesBuildPhase;
			buildActionMask = 2147483647;
			files = (
				4BE23BEF19D3096B00FE88C9 /* PragmaticTweetsTests.swift in Sources */,
				4BE23C0119D3480F00FE88C9 /* WebViewTests.swift in Sources */,
			);
			runOnlyForDeploymentPostprocessing = 0;
		};
/* End PBXSourcesBuildPhase section */

/* Begin PBXTargetDependency section */
		4BE23BEA19D3096B00FE88C9 /* PBXTargetDependency */ = {
			isa = PBXTargetDependency;
			target = 4BE23BD219D3096B00FE88C9 /* PragmaticTweets */;
			targetProxy = 4BE23BE919D3096B00FE88C9 /* PBXContainerItemProxy */;
		};
/* End PBXTargetDependency section */

/* Begin PBXVariantGroup section */
		4BE23BDC19D3096B00FE88C9 /* Main.storyboard */ = {
			isa = PBXVariantGroup;
			children = (
				4BE23BDD19D3096B00FE88C9 /* Base */,
				4BE23BF819D3234600FE88C9 /* fr */,
			);
			name = Main.storyboard;
			sourceTree = "<group>";
		};
		4BE23BE119D3096B00FE88C9 /* LaunchScreen.xib */ = {
			isa = PBXVariantGroup;
			children = (
				4BE23BE219D3096B00FE88C9 /* Base */,
				4BE23BF919D3234600FE88C9 /* fr */,
			);
			name = LaunchScreen.xib;
			sourceTree = "<group>";
		};
		4BE23BFE19D3259200FE88C9 /* Localizable.strings */ = {
			isa = PBXVariantGroup;
			children = (
				4BE23BFD19D3259200FE88C9 /* Base */,
				4BE23BFF19D3259800FE88C9 /* fr */,
			);
			name = Localizable.strings;
			sourceTree = "<group>";
		};
/* End PBXVariantGroup section */

/* Begin XCBuildConfiguration section */
		4BE23BF019D3096B00FE88C9 /* Debug */ = {
			isa = XCBuildConfiguration;
			buildSettings = {
				ALWAYS_SEARCH_USER_PATHS = NO;
				CLANG_CXX_LANGUAGE_STANDARD = "gnu++0x";
				CLANG_CXX_LIBRARY = "libc++";
				CLANG_ENABLE_MODULES = YES;
				CLANG_ENABLE_OBJC_ARC = YES;
				CLANG_WARN_BOOL_CONVERSION = YES;
				CLANG_WARN_CONSTANT_CONVERSION = YES;
				CLANG_WARN_DIRECT_OBJC_ISA_USAGE = YES_ERROR;
				CLANG_WARN_EMPTY_BODY = YES;
				CLANG_WARN_ENUM_CONVERSION = YES;
				CLANG_WARN_INT_CONVERSION = YES;
				CLANG_WARN_OBJC_ROOT_CLASS = YES_ERROR;
				CLANG_WARN_UNREACHABLE_CODE = YES;
				CLANG_WARN__DUPLICATE_METHOD_MATCH = YES;
				"CODE_SIGN_IDENTITY[sdk=iphoneos*]" = "iPhone Developer";
				COPY_PHASE_STRIP = NO;
				ENABLE_STRICT_OBJC_MSGSEND = YES;
				GCC_C_LANGUAGE_STANDARD = gnu99;
				GCC_DYNAMIC_NO_PIC = NO;
				GCC_OPTIMIZATION_LEVEL = 0;
				GCC_PREPROCESSOR_DEFINITIONS = (
					"DEBUG=1",
					"$(inherited)",
				);
				GCC_SYMBOLS_PRIVATE_EXTERN = NO;
				GCC_WARN_64_TO_32_BIT_CONVERSION = YES;
				GCC_WARN_ABOUT_RETURN_TYPE = YES_ERROR;
				GCC_WARN_UNDECLARED_SELECTOR = YES;
				GCC_WARN_UNINITIALIZED_AUTOS = YES_AGGRESSIVE;
				GCC_WARN_UNUSED_FUNCTION = YES;
				GCC_WARN_UNUSED_VARIABLE = YES;
				IPHONEOS_DEPLOYMENT_TARGET = 8.0;
				MTL_ENABLE_DEBUG_INFO = YES;
				ONLY_ACTIVE_ARCH = YES;
				SDKROOT = iphoneos;
				SWIFT_OPTIMIZATION_LEVEL = "-Onone";
				TARGETED_DEVICE_FAMILY = "1,2";
			};
			name = Debug;
		};
		4BE23BF119D3096B00FE88C9 /* Release */ = {
			isa = XCBuildConfiguration;
			buildSettings = {
				ALWAYS_SEARCH_USER_PATHS = NO;
				CLANG_CXX_LANGUAGE_STANDARD = "gnu++0x";
				CLANG_CXX_LIBRARY = "libc++";
				CLANG_ENABLE_MODULES = YES;
				CLANG_ENABLE_OBJC_ARC = YES;
				CLANG_WARN_BOOL_CONVERSION = YES;
				CLANG_WARN_CONSTANT_CONVERSION = YES;
				CLANG_WARN_DIRECT_OBJC_ISA_USAGE = YES_ERROR;
				CLANG_WARN_EMPTY_BODY = YES;
				CLANG_WARN_ENUM_CONVERSION = YES;
				CLANG_WARN_INT_CONVERSION = YES;
				CLANG_WARN_OBJC_ROOT_CLASS = YES_ERROR;
				CLANG_WARN_UNREACHABLE_CODE = YES;
				CLANG_WARN__DUPLICATE_METHOD_MATCH = YES;
				"CODE_SIGN_IDENTITY[sdk=iphoneos*]" = "iPhone Developer";
				COPY_PHASE_STRIP = YES;
				ENABLE_NS_ASSERTIONS = NO;
				ENABLE_STRICT_OBJC_MSGSEND = YES;
				GCC_C_LANGUAGE_STANDARD = gnu99;
				GCC_WARN_64_TO_32_BIT_CONVERSION = YES;
				GCC_WARN_ABOUT_RETURN_TYPE = YES_ERROR;
				GCC_WARN_UNDECLARED_SELECTOR = YES;
				GCC_WARN_UNINITIALIZED_AUTOS = YES_AGGRESSIVE;
				GCC_WARN_UNUSED_FUNCTION = YES;
				GCC_WARN_UNUSED_VARIABLE = YES;
				IPHONEOS_DEPLOYMENT_TARGET = 8.0;
				MTL_ENABLE_DEBUG_INFO = NO;
				SDKROOT = iphoneos;
				TARGETED_DEVICE_FAMILY = "1,2";
				VALIDATE_PRODUCT = YES;
			};
			name = Release;
		};
		4BE23BF319D3096B00FE88C9 /* Debug */ = {
			isa = XCBuildConfiguration;
			buildSettings = {
				ASSETCATALOG_COMPILER_APPICON_NAME = AppIcon;
				CODE_SIGN_IDENTITY = "iPhone Developer";
				INFOPLIST_FILE = PragmaticTweets/Info.plist;
				LD_RUNPATH_SEARCH_PATHS = "$(inherited) @executable_path/Frameworks";
				PRODUCT_NAME = "$(TARGET_NAME)";
			};
			name = Debug;
		};
		4BE23BF419D3096B00FE88C9 /* Release */ = {
			isa = XCBuildConfiguration;
			buildSettings = {
				ASSETCATALOG_COMPILER_APPICON_NAME = AppIcon;
				CODE_SIGN_IDENTITY = "iPhone Developer";
				INFOPLIST_FILE = PragmaticTweets/Info.plist;
				LD_RUNPATH_SEARCH_PATHS = "$(inherited) @executable_path/Frameworks";
				PRODUCT_NAME = "$(TARGET_NAME)";
			};
			name = Release;
		};
		4BE23BF619D3096B00FE88C9 /* Debug */ = {
			isa = XCBuildConfiguration;
			buildSettings = {
				BUNDLE_LOADER = "$(TEST_HOST)";
				FRAMEWORK_SEARCH_PATHS = (
					"$(SDKROOT)/Developer/Library/Frameworks",
					"$(inherited)",
				);
				GCC_PREPROCESSOR_DEFINITIONS = (
					"DEBUG=1",
					"$(inherited)",
				);
				INFOPLIST_FILE = PragmaticTweetsTests/Info.plist;
				LD_RUNPATH_SEARCH_PATHS = "$(inherited) @executable_path/Frameworks @loader_path/Frameworks";
				PRODUCT_NAME = "$(TARGET_NAME)";
				TEST_HOST = "$(BUILT_PRODUCTS_DIR)/PragmaticTweets.app/PragmaticTweets";
			};
			name = Debug;
		};
		4BE23BF719D3096B00FE88C9 /* Release */ = {
			isa = XCBuildConfiguration;
			buildSettings = {
				BUNDLE_LOADER = "$(TEST_HOST)";
				FRAMEWORK_SEARCH_PATHS = (
					"$(SDKROOT)/Developer/Library/Frameworks",
					"$(inherited)",
				);
				INFOPLIST_FILE = PragmaticTweetsTests/Info.plist;
				LD_RUNPATH_SEARCH_PATHS = "$(inherited) @executable_path/Frameworks @loader_path/Frameworks";
				PRODUCT_NAME = "$(TARGET_NAME)";
				TEST_HOST = "$(BUILT_PRODUCTS_DIR)/PragmaticTweets.app/PragmaticTweets";
			};
			name = Release;
		};
/* End XCBuildConfiguration section */

/* Begin XCConfigurationList section */
		4BE23BCE19D3096B00FE88C9 /* Build configuration list for PBXProject "PragmaticTweets" */ = {
			isa = XCConfigurationList;
			buildConfigurations = (
				4BE23BF019D3096B00FE88C9 /* Debug */,
				4BE23BF119D3096B00FE88C9 /* Release */,
			);
			defaultConfigurationIsVisible = 0;
			defaultConfigurationName = Release;
		};
		4BE23BF219D3096B00FE88C9 /* Build configuration list for PBXNativeTarget "PragmaticTweets" */ = {
			isa = XCConfigurationList;
			buildConfigurations = (
				4BE23BF319D3096B00FE88C9 /* Debug */,
				4BE23BF419D3096B00FE88C9 /* Release */,
			);
			defaultConfigurationIsVisible = 0;
			defaultConfigurationName = Release;
		};
		4BE23BF519D3096B00FE88C9 /* Build configuration list for PBXNativeTarget "PragmaticTweetsTests" */ = {
			isa = XCConfigurationList;
			buildConfigurations = (
				4BE23BF619D3096B00FE88C9 /* Debug */,
				4BE23BF719D3096B00FE88C9 /* Release */,
			);
			defaultConfigurationIsVisible = 0;
			defaultConfigurationName = Release;
		};
/* End XCConfigurationList section */
	};
	rootObject = 4BE23BCB19D3096B00FE88C9 /* Project object */;
}
